Microsoft Visual Studio Solution File, Format Version 12.00
# Visual Studio Version 17
VisualStudioVersion = 17.5.2.0
MinimumVisualStudioVersion = 10.0.40219.1
Project("{FAE04EC0-301F-11D3-BF4B-00C04F79EFBC}") = "Kodify.CLI", "Kodify.CLI.csproj", "{C6A3FE7B-C95F-A515-91EE-137F5EEB90D4}"
EndProject
Global
	GlobalSection(SolutionConfigurationPlatforms) = preSolution
		Debug|Any CPU = Debug|Any CPU
		Release|Any CPU = Release|Any CPU
	EndGlobalSection
	GlobalSection(ProjectConfigurationPlatforms) = postSolution
		{C6A3FE7B-C95F-A515-91EE-137F5EEB90D4}.Debug|Any CPU.ActiveCfg = Debug|Any CPU
		{C6A3FE7B-C95F-A515-91EE-137F5EEB90D4}.Debug|Any CPU.Build.0 = Debug|Any CPU
		{C6A3FE7B-C95F-A515-91EE-137F5EEB90D4}.Release|Any CPU.ActiveCfg = Release|Any CPU
		{C6A3FE7B-C95F-A515-91EE-137F5EEB90D4}.Release|Any CPU.Build.0 = Release|Any CPU
		{0F27B85F-758B-0054-D688-2983818BCFBA}.Debug|Any CPU.ActiveCfg = Debug|Any CPU
		{0F27B85F-758B-0054-D688-2983818BCFBA}.Debug|Any CPU.Build.0 = Debug|Any CPU
		{0F27B85F-758B-0054-D688-2983818BCFBA}.Release|Any CPU.ActiveCfg = Release|Any CPU
		{0F27B85F-758B-0054-D688-2983818BCFBA}.Release|Any CPU.Build.0 = Release|Any CPU
	EndGlobalSection
	GlobalSection(SolutionProperties) = preSolution
		HideSolutionNode = FALSE
	EndGlobalSection
	GlobalSection(ExtensibilityGlobals) = postSolution
		SolutionGuid = {FFA9C908-E1F8-47BD-9651-70866F9A42CB}
	EndGlobalSection
EndGlobal
